{
  "requires": true,
  "lockfileVersion": 1,
  "dependencies": {
    "@barba/core": {
      "version": "2.3.9",
      "resolved": "https://registry.npmjs.org/@barba/core/-/core-2.3.9.tgz",
      "integrity": "sha512-Pt54kb1G9akGOmIqc0aoOaaEAIVZQV2N7jhu3TkcZl68IP9+LbhVxys6ZnZTwbqZTqxZ/M+y+KXeAYMSXSPF+g==",
      "requires": {
        "path-to-regexp": "^3.0.0",
        "run-async": "^2.3.0"
      }
    },
    "html5-boilerplate": {
      "version": "7.1.0",
      "resolved": "https://registry.npmjs.org/html5-boilerplate/-/html5-boilerplate-7.1.0.tgz",
      "integrity": "sha512-hY/elJRuGh5K8WKcibn/kXC1fxiTkcTQvOgaMmascosfVPVxZZyVZsAVlgvYC+ihIuuxHoMzwzfW+uBtRd435A=="
    },
    "is-promise": {
      "version": "2.1.0",
      "resolved": "https://registry.npmjs.org/is-promise/-/is-promise-2.1.0.tgz",
      "integrity": "sha1-eaKp7OfwlugPNtKy87wWwf9L8/o="
    },
    "path-to-regexp": {
      "version": "3.0.0",
      "resolved": "https://registry.npmjs.org/path-to-regexp/-/path-to-regexp-3.0.0.tgz",
      "integrity": "sha512-ZOtfhPttCrqp2M1PBBH4X13XlvnfhIwD7yCLx+GoGoXRPQyxGOTdQMpIzPSPKXAJT/JQrdfFrgdJOyAzvgpQ9A=="
    },
    "run-async": {
      "version": "2.3.0",
      "resolved": "https://registry.npmjs.org/run-async/-/run-async-2.3.0.tgz",
      "integrity": "sha1-A3GrSuC91yDUFm19/aZP96RFpsA=",
      "requires": {
        "is-promise": "^2.1.0"
      }
    }
  }
}
